
Microsoft Visual Studio Solution File, Format Version 12.00
# Visual Studio 15
VisualStudioVersion = 15.0.28307.572
MinimumVisualStudioVersion = 10.0.40219.1
Project("{FAE04EC0-301F-11D3-BF4B-00C04F79EFBC}") = "ShapeSolution2", "ShapeSolution2\ShapeSolution2.csproj", "{05E1F77F-662A-4739-8936-34FE38B4BAC0}"
EndProject
Project("{FAE04EC0-301F-11D3-BF4B-00C04F79EFBC}") = "ShapeSolution2_Testing", "ShapeSolution2_Testing\ShapeSolution2_Testing.csproj", "{13C6AA61-8FFA-40DA-99A5-771C5DC4827D}"
EndProject
Global
	GlobalSection(SolutionConfigurationPlatforms) = preSolution
		Debug|Any CPU = Debug|Any CPU
		Release|Any CPU = Release|Any CPU
	EndGlobalSection
	GlobalSection(ProjectConfigurationPlatforms) = postSolution
		{05E1F77F-662A-4739-8936-34FE38B4BAC0}.Debug|Any CPU.ActiveCfg = Debug|Any CPU
		{05E1F77F-662A-4739-8936-34FE38B4BAC0}.Debug|Any CPU.Build.0 = Debug|Any CPU
		{05E1F77F-662A-4739-8936-34FE38B4BAC0}.Release|Any CPU.ActiveCfg = Release|Any CPU
		{05E1F77F-662A-4739-8936-34FE38B4BAC0}.Release|Any CPU.Build.0 = Release|Any CPU
		{13C6AA61-8FFA-40DA-99A5-771C5DC4827D}.Debug|Any CPU.ActiveCfg = Debug|Any CPU
		{13C6AA61-8FFA-40DA-99A5-771C5DC4827D}.Debug|Any CPU.Build.0 = Debug|Any CPU
		{13C6AA61-8FFA-40DA-99A5-771C5DC4827D}.Release|Any CPU.ActiveCfg = Release|Any CPU
		{13C6AA61-8FFA-40DA-99A5-771C5DC4827D}.Release|Any CPU.Build.0 = Release|Any CPU
	EndGlobalSection
	GlobalSection(SolutionProperties) = preSolution
		HideSolutionNode = FALSE
	EndGlobalSection
	GlobalSection(ExtensibilityGlobals) = postSolution
		SolutionGuid = {35DC0575-D17F-431C-BAC1-8833F3E346C7}
	EndGlobalSection
EndGlobal
